
Microsoft Visual Studio Solution File, Format Version 12.00
# Visual Studio Version 17
VisualStudioVersion = 17.9.34902.65
MinimumVisualStudioVersion = 10.0.40219.1
Project("{FAE04EC0-301F-11D3-BF4B-00C04F79EFBC}") = "CompareLookUpAlgorithms", "CompareLookUpAlgorithms.csproj", "{32C2AC76-1A86-4D5C-A3EA-C38344F8D6CB}"
EndProject
Global
	GlobalSection(SolutionConfigurationPlatforms) = preSolution
		Debug|Any CPU = Debug|Any CPU
		Release|Any CPU = Release|Any CPU
	EndGlobalSection
	GlobalSection(ProjectConfigurationPlatforms) = postSolution
		{32C2AC76-1A86-4D5C-A3EA-C38344F8D6CB}.Debug|Any CPU.ActiveCfg = Debug|Any CPU
		{32C2AC76-1A86-4D5C-A3EA-C38344F8D6CB}.Debug|Any CPU.Build.0 = Debug|Any CPU
		{32C2AC76-1A86-4D5C-A3EA-C38344F8D6CB}.Release|Any CPU.ActiveCfg = Release|Any CPU
		{32C2AC76-1A86-4D5C-A3EA-C38344F8D6CB}.Release|Any CPU.Build.0 = Release|Any CPU
	EndGlobalSection
	GlobalSection(SolutionProperties) = preSolution
		HideSolutionNode = FALSE
	EndGlobalSection
	GlobalSection(ExtensibilityGlobals) = postSolution
		SolutionGuid = {CE3FE9DE-6BF0-491E-87B4-4BF8D216D399}
	EndGlobalSection
EndGlobal
